
Microsoft Visual Studio Solution File, Format Version 12.00
# Visual Studio Version 17
VisualStudioVersion = 17.9.34728.123
MinimumVisualStudioVersion = 10.0.40219.1
Project("{FAE04EC0-301F-11D3-BF4B-00C04F79EFBC}") = "web", "web.csproj", "{037CE085-34E1-4771-88A1-0684FAD03A56}"
EndProject
Project("{FAE04EC0-301F-11D3-BF4B-00C04F79EFBC}") = "Lib", "..\Lib\Lib.csproj", "{A35EE9C7-E3A6-4EB1-A35F-1DF91B7687A5}"
EndProject
Global
	GlobalSection(SolutionConfigurationPlatforms) = preSolution
		Debug|Any CPU = Debug|Any CPU
		Release|Any CPU = Release|Any CPU
	EndGlobalSection
	GlobalSection(ProjectConfigurationPlatforms) = postSolution
		{037CE085-34E1-4771-88A1-0684FAD03A56}.Debug|Any CPU.ActiveCfg = Debug|Any CPU
		{037CE085-34E1-4771-88A1-0684FAD03A56}.Debug|Any CPU.Build.0 = Debug|Any CPU
		{037CE085-34E1-4771-88A1-0684FAD03A56}.Release|Any CPU.ActiveCfg = Release|Any CPU
		{037CE085-34E1-4771-88A1-0684FAD03A56}.Release|Any CPU.Build.0 = Release|Any CPU
		{A35EE9C7-E3A6-4EB1-A35F-1DF91B7687A5}.Debug|Any CPU.ActiveCfg = Debug|Any CPU
		{A35EE9C7-E3A6-4EB1-A35F-1DF91B7687A5}.Debug|Any CPU.Build.0 = Debug|Any CPU
		{A35EE9C7-E3A6-4EB1-A35F-1DF91B7687A5}.Release|Any CPU.ActiveCfg = Release|Any CPU
		{A35EE9C7-E3A6-4EB1-A35F-1DF91B7687A5}.Release|Any CPU.Build.0 = Release|Any CPU
	EndGlobalSection
	GlobalSection(SolutionProperties) = preSolution
		HideSolutionNode = FALSE
	EndGlobalSection
	GlobalSection(ExtensibilityGlobals) = postSolution
		SolutionGuid = {2BEDA295-4750-4380-A1B8-12B426622919}
	EndGlobalSection
EndGlobal
